
Microsoft Visual Studio Solution File, Format Version 12.00
# Visual Studio Version 16
VisualStudioVersion = 16.0.29409.12
MinimumVisualStudioVersion = 10.0.40219.1
Project("{FAE04EC0-301F-11D3-BF4B-00C04F79EFBC}") = "EquazioniLibrary", "EquazioniLibrary\EquazioniLibrary.csproj", "{C4A231FE-228D-4AD7-ABDD-4B4225199A15}"
EndProject
Project("{FAE04EC0-301F-11D3-BF4B-00C04F79EFBC}") = "EquazioniLibrary.Test", "EquazioniLibrary.Test\EquazioniLibrary.Test.csproj", "{C0B0A5A5-BF3C-4177-A426-C97D47CC388D}"
EndProject
Global
	GlobalSection(SolutionConfigurationPlatforms) = preSolution
		Debug|Any CPU = Debug|Any CPU
		Release|Any CPU = Release|Any CPU
	EndGlobalSection
	GlobalSection(ProjectConfigurationPlatforms) = postSolution
		{C4A231FE-228D-4AD7-ABDD-4B4225199A15}.Debug|Any CPU.ActiveCfg = Debug|Any CPU
		{C4A231FE-228D-4AD7-ABDD-4B4225199A15}.Debug|Any CPU.Build.0 = Debug|Any CPU
		{C4A231FE-228D-4AD7-ABDD-4B4225199A15}.Release|Any CPU.ActiveCfg = Release|Any CPU
		{C4A231FE-228D-4AD7-ABDD-4B4225199A15}.Release|Any CPU.Build.0 = Release|Any CPU
		{C0B0A5A5-BF3C-4177-A426-C97D47CC388D}.Debug|Any CPU.ActiveCfg = Debug|Any CPU
		{C0B0A5A5-BF3C-4177-A426-C97D47CC388D}.Debug|Any CPU.Build.0 = Debug|Any CPU
		{C0B0A5A5-BF3C-4177-A426-C97D47CC388D}.Release|Any CPU.ActiveCfg = Release|Any CPU
		{C0B0A5A5-BF3C-4177-A426-C97D47CC388D}.Release|Any CPU.Build.0 = Release|Any CPU
	EndGlobalSection
	GlobalSection(SolutionProperties) = preSolution
		HideSolutionNode = FALSE
	EndGlobalSection
	GlobalSection(ExtensibilityGlobals) = postSolution
		SolutionGuid = {26A34B94-C48C-40CC-A9AF-7F6DBA747FF1}
	EndGlobalSection
EndGlobal
